
Microsoft Visual Studio Solution File, Format Version 12.00
# Visual Studio Version 16
VisualStudioVersion = 16.0.31229.75
MinimumVisualStudioVersion = 10.0.40219.1
Project("{FAE04EC0-301F-11D3-BF4B-00C04F79EFBC}") = "generative_raster_filters", "generative_raster_filters\generative_raster_filters.csproj", "{0962C1DE-7C73-4376-AB48-024D4834A7DA}"
EndProject
Global
	GlobalSection(SolutionConfigurationPlatforms) = preSolution
		Debug|Any CPU = Debug|Any CPU
		Release|Any CPU = Release|Any CPU
	EndGlobalSection
	GlobalSection(ProjectConfigurationPlatforms) = postSolution
		{0962C1DE-7C73-4376-AB48-024D4834A7DA}.Debug|Any CPU.ActiveCfg = Debug|Any CPU
		{0962C1DE-7C73-4376-AB48-024D4834A7DA}.Debug|Any CPU.Build.0 = Debug|Any CPU
		{0962C1DE-7C73-4376-AB48-024D4834A7DA}.Release|Any CPU.ActiveCfg = Release|Any CPU
		{0962C1DE-7C73-4376-AB48-024D4834A7DA}.Release|Any CPU.Build.0 = Release|Any CPU
	EndGlobalSection
	GlobalSection(SolutionProperties) = preSolution
		HideSolutionNode = FALSE
	EndGlobalSection
	GlobalSection(ExtensibilityGlobals) = postSolution
		SolutionGuid = {26223DF3-FDAA-442C-9B78-FDE54C54B944}
	EndGlobalSection
EndGlobal
